
Microsoft Visual Studio Solution File, Format Version 12.00
# Visual Studio Version 17
VisualStudioVersion = 17.5.33516.290
MinimumVisualStudioVersion = 10.0.40219.1
Project("{FAE04EC0-301F-11D3-BF4B-00C04F79EFBC}") = "WpfAppCTSample", "WpfAppCTSample\WpfAppCTSample.csproj", "{4D1D90DC-7513-4455-A5F4-6781A7636374}"
EndProject
Global
	GlobalSection(SolutionConfigurationPlatforms) = preSolution
		Debug|Any CPU = Debug|Any CPU
		Release|Any CPU = Release|Any CPU
	EndGlobalSection
	GlobalSection(ProjectConfigurationPlatforms) = postSolution
		{4D1D90DC-7513-4455-A5F4-6781A7636374}.Debug|Any CPU.ActiveCfg = Debug|Any CPU
		{4D1D90DC-7513-4455-A5F4-6781A7636374}.Debug|Any CPU.Build.0 = Debug|Any CPU
		{4D1D90DC-7513-4455-A5F4-6781A7636374}.Release|Any CPU.ActiveCfg = Release|Any CPU
		{4D1D90DC-7513-4455-A5F4-6781A7636374}.Release|Any CPU.Build.0 = Release|Any CPU
	EndGlobalSection
	GlobalSection(SolutionProperties) = preSolution
		HideSolutionNode = FALSE
	EndGlobalSection
	GlobalSection(ExtensibilityGlobals) = postSolution
		SolutionGuid = {7427D698-146C-4DF9-9B6E-A31CFF0B55BD}
	EndGlobalSection
EndGlobal
